
Microsoft Visual Studio Solution File, Format Version 12.00
# Visual Studio Version 17
VisualStudioVersion = 17.13.35919.96 d17.13
MinimumVisualStudioVersion = 10.0.40219.1
Project("{FAE04EC0-301F-11D3-BF4B-00C04F79EFBC}") = "dona_quiz4_dotnet", "dona_quiz4_dotnet\dona_quiz4_dotnet.csproj", "{15D7415A-9158-400E-8BD8-4BE1C7500290}"
EndProject
Global
	GlobalSection(SolutionConfigurationPlatforms) = preSolution
		Debug|Any CPU = Debug|Any CPU
		Release|Any CPU = Release|Any CPU
	EndGlobalSection
	GlobalSection(ProjectConfigurationPlatforms) = postSolution
		{15D7415A-9158-400E-8BD8-4BE1C7500290}.Debug|Any CPU.ActiveCfg = Debug|Any CPU
		{15D7415A-9158-400E-8BD8-4BE1C7500290}.Debug|Any CPU.Build.0 = Debug|Any CPU
		{15D7415A-9158-400E-8BD8-4BE1C7500290}.Release|Any CPU.ActiveCfg = Release|Any CPU
		{15D7415A-9158-400E-8BD8-4BE1C7500290}.Release|Any CPU.Build.0 = Release|Any CPU
	EndGlobalSection
	GlobalSection(SolutionProperties) = preSolution
		HideSolutionNode = FALSE
	EndGlobalSection
	GlobalSection(ExtensibilityGlobals) = postSolution
		SolutionGuid = {0A0CE878-6673-4C11-A914-3ADB96E01C98}
	EndGlobalSection
EndGlobal
